Microsoft Visual Studio Solution File, Format Version 12.00
# Visual Studio Version 17
Project("{8BC9CEB8-8B4A-11D0-8D11-00A0C91BC942}") = "QMeshLib", "E:/ItrelMonroe/S3_DeformFDM/QMeshLib\QMeshLib.vcxproj", "{7D3D4C00-1B6D-3FA4-A5AE-E17D1536C90A}"
EndProject
Project("{8BC9CEB8-8B4A-11D0-8D11-00A0C91BC942}") = "GLKLib", "E:/ItrelMonroe/S3_DeformFDM/GLKLib\GLKLib.vcxproj", "{42ACFE43-746A-3283-93DE-8315263D3B6B}"
EndProject
Project("{8BC9CEB8-8B4A-11D0-8D11-00A0C91BC942}") = "ShapeLab", "E:/ItrelMonroe/S3_DeformFDM/ShapeLab\ShapeLab.vcxproj", "{5A5AC674-0E50-3AD8-8B0E-708E74D0BC2D}"
	ProjectSection(ProjectDependencies) = postProject
		{7D3D4C00-1B6D-3FA4-A5AE-E17D1536C90A} = {7D3D4C00-1B6D-3FA4-A5AE-E17D1536C90A}
		{42ACFE43-746A-3283-93DE-8315263D3B6B} = {42ACFE43-746A-3283-93DE-8315263D3B6B}
	EndProjectSection
EndProject
Global
	GlobalSection(SolutionConfigurationPlatforms) = preSolution
		Debug|x64 = Debug|x64
		Release|x64 = Release|x64
	EndGlobalSection
	GlobalSection(ProjectConfigurationPlatforms) = postSolution
		{7D3D4C00-1B6D-3FA4-A5AE-E17D1536C90A}.Debug|x64.ActiveCfg = Debug|x64
		{7D3D4C00-1B6D-3FA4-A5AE-E17D1536C90A}.Debug|x64.Build.0 = Debug|x64
		{7D3D4C00-1B6D-3FA4-A5AE-E17D1536C90A}.Release|x64.ActiveCfg = Release|x64
		{7D3D4C00-1B6D-3FA4-A5AE-E17D1536C90A}.Release|x64.Build.0 = Release|x64
		{42ACFE43-746A-3283-93DE-8315263D3B6B}.Debug|x64.ActiveCfg = Debug|x64
		{42ACFE43-746A-3283-93DE-8315263D3B6B}.Debug|x64.Build.0 = Debug|x64
		{42ACFE43-746A-3283-93DE-8315263D3B6B}.Release|x64.ActiveCfg = Release|x64
		{42ACFE43-746A-3283-93DE-8315263D3B6B}.Release|x64.Build.0 = Release|x64
		{5A5AC674-0E50-3AD8-8B0E-708E74D0BC2D}.Debug|x64.ActiveCfg = Debug|x64
		{5A5AC674-0E50-3AD8-8B0E-708E74D0BC2D}.Debug|x64.Build.0 = Debug|x64
		{5A5AC674-0E50-3AD8-8B0E-708E74D0BC2D}.Release|x64.ActiveCfg = Release|x64
		{5A5AC674-0E50-3AD8-8B0E-708E74D0BC2D}.Release|x64.Build.0 = Release|x64
	EndGlobalSection
	GlobalSection(ExtensibilityGlobals) = postSolution
	EndGlobalSection
	GlobalSection(ExtensibilityAddIns) = postSolution
	EndGlobalSection
EndGlobal